
Microsoft Visual Studio Solution File, Format Version 12.00
# Visual Studio Version 17
VisualStudioVersion = 17.0.32112.339
MinimumVisualStudioVersion = 10.0.40219.1
Project("{FAE04EC0-301F-11D3-BF4B-00C04F79EFBC}") = "NorthwinEntities", "NorthwinEntities\NorthwinEntities.csproj", "{2769ADF4-98EC-4CCA-9F8B-C4127B310CD6}"
EndProject
Project("{FAE04EC0-301F-11D3-BF4B-00C04F79EFBC}") = "Northwind.DataAccess", "Northwind.DataAccess\Northwind.DataAccess.csproj", "{AA05B6FD-E8CE-46A7-BD7E-BFFC0D3A4218}"
EndProject
Project("{FAE04EC0-301F-11D3-BF4B-00C04F79EFBC}") = "Northwind.Business", "Northwind.Business\Northwind.Business.csproj", "{2059A55B-7211-4865-8E39-3936F2EC940C}"
EndProject
Project("{FAE04EC0-301F-11D3-BF4B-00C04F79EFBC}") = "Northwin.WebFormsUI", "Northwin.WebFormsUI\Northwin.WebFormsUI.csproj", "{4B565F63-6D4A-4942-B295-B65C60C2BE9D}"
EndProject
Global
	GlobalSection(SolutionConfigurationPlatforms) = preSolution
		Debug|Any CPU = Debug|Any CPU
		Release|Any CPU = Release|Any CPU
	EndGlobalSection
	GlobalSection(ProjectConfigurationPlatforms) = postSolution
		{2769ADF4-98EC-4CCA-9F8B-C4127B310CD6}.Debug|Any CPU.ActiveCfg = Debug|Any CPU
		{2769ADF4-98EC-4CCA-9F8B-C4127B310CD6}.Debug|Any CPU.Build.0 = Debug|Any CPU
		{2769ADF4-98EC-4CCA-9F8B-C4127B310CD6}.Release|Any CPU.ActiveCfg = Release|Any CPU
		{2769ADF4-98EC-4CCA-9F8B-C4127B310CD6}.Release|Any CPU.Build.0 = Release|Any CPU
		{AA05B6FD-E8CE-46A7-BD7E-BFFC0D3A4218}.Debug|Any CPU.ActiveCfg = Debug|Any CPU
		{AA05B6FD-E8CE-46A7-BD7E-BFFC0D3A4218}.Debug|Any CPU.Build.0 = Debug|Any CPU
		{AA05B6FD-E8CE-46A7-BD7E-BFFC0D3A4218}.Release|Any CPU.ActiveCfg = Release|Any CPU
		{AA05B6FD-E8CE-46A7-BD7E-BFFC0D3A4218}.Release|Any CPU.Build.0 = Release|Any CPU
		{2059A55B-7211-4865-8E39-3936F2EC940C}.Debug|Any CPU.ActiveCfg = Debug|Any CPU
		{2059A55B-7211-4865-8E39-3936F2EC940C}.Debug|Any CPU.Build.0 = Debug|Any CPU
		{2059A55B-7211-4865-8E39-3936F2EC940C}.Release|Any CPU.ActiveCfg = Release|Any CPU
		{2059A55B-7211-4865-8E39-3936F2EC940C}.Release|Any CPU.Build.0 = Release|Any CPU
		{4B565F63-6D4A-4942-B295-B65C60C2BE9D}.Debug|Any CPU.ActiveCfg = Debug|Any CPU
		{4B565F63-6D4A-4942-B295-B65C60C2BE9D}.Debug|Any CPU.Build.0 = Debug|Any CPU
		{4B565F63-6D4A-4942-B295-B65C60C2BE9D}.Release|Any CPU.ActiveCfg = Release|Any CPU
		{4B565F63-6D4A-4942-B295-B65C60C2BE9D}.Release|Any CPU.Build.0 = Release|Any CPU
	EndGlobalSection
	GlobalSection(SolutionProperties) = preSolution
		HideSolutionNode = FALSE
	EndGlobalSection
	GlobalSection(ExtensibilityGlobals) = postSolution
		SolutionGuid = {06BEB3B0-21AD-4B2E-84A6-B8F4B2B4751E}
	EndGlobalSection
EndGlobal
